# This file is automatically @generated by Cargo.
# It is not intended for manual editing.
version = 4

[[package]]
name = "ibig"
version = "0.4.0"
dependencies = [
 "ibig-core",
]

[[package]]
name = "ibig-core"
version = "0.0.1"
dependencies = [
 "unative",
]

[[package]]
name = "unative"
version = "0.2.2"
source = "registry+https://github.com/rust-lang/crates.io-index"
checksum = "8c757a8777efd76ebc87f784de8ead57ffcd5653430a129ea3cca72ddbfb900c"
