# This file is automatically @generated by Cargo.
# It is not intended for manual editing.
version = 4

[[package]]
name = "ibig"
version = "0.4.0"
dependencies = [
 "ibig-core",
 "smallvec",
]

[[package]]
name = "ibig-core"
version = "0.0.1"
dependencies = [
 "unative",
]

[[package]]
name = "smallvec"
version = "1.15.1"
source = "registry+https://github.com/rust-lang/crates.io-index"
checksum = "67b1b7a3b5fe4f1376887184045fcf45c69e92af734b7aaddc05fb777b6fbd03"

[[package]]
name = "unative"
version = "0.2.5"
source = "registry+https://github.com/rust-lang/crates.io-index"
checksum = "d86c71b27f0eebd4252b3ac73c6a29721875d0ec31e107dc0d0438ec6d3898ef"
