# This file is automatically @generated by Cargo.
# It is not intended for manual editing.
version = 4

[[package]]
name = "ibig"
version = "0.4.0"
dependencies = [
 "ibig-core",
]

[[package]]
name = "ibig-core"
version = "0.0.1"
dependencies = [
 "unative",
]

[[package]]
name = "unative"
version = "0.2.3"
source = "registry+https://github.com/rust-lang/crates.io-index"
checksum = "c5b9ef77b403367264df9a311d250589ea82712a7fb2f0308c307bb55e1a2f51"
